
Microsoft Visual Studio Solution File, Format Version 12.00
# Visual Studio Version 17
VisualStudioVersion = 17.5.33530.505
MinimumVisualStudioVersion = 10.0.40219.1
Project("{9A19103F-16F7-4668-BE54-9A1E7A4F7556}") = "Epiforge.Extensions.Components", "Epiforge.Extensions.Components\Epiforge.Extensions.Components.csproj", "{5214AC70-BD51-47C3-8409-39EE98C789EB}"
EndProject
Project("{2150E333-8FDC-42A3-9474-1A3956D46DE8}") = "Configuration", "Configuration", "{BFE4E58F-AC85-4522-A710-F490EC01BFC5}"
	ProjectSection(SolutionItems) = preProject
		.editorconfig = .editorconfig
		.gitignore = .gitignore
		.ruleset = .ruleset
		.runsettings = .runsettings
		azure-pipelines.yml = azure-pipelines.yml
	EndProjectSection
EndProject
Project("{2150E333-8FDC-42A3-9474-1A3956D46DE8}") = "Documentation", "Documentation", "{C279A752-FFA1-4A0A-8581-1129DC927471}"
	ProjectSection(SolutionItems) = preProject
		CONTRIBUTING.md = CONTRIBUTING.md
		Extensions.jpg = Extensions.jpg
		LICENSE = LICENSE
		README.md = README.md
	EndProjectSection
EndProject
Project("{9A19103F-16F7-4668-BE54-9A1E7A4F7556}") = "Epiforge.Extensions.Components.Tests", "Epiforge.Extensions.Components.Tests\Epiforge.Extensions.Components.Tests.csproj", "{D3770F22-0BC6-40D9-ADD4-21F96E0BF30A}"
EndProject
Project("{2150E333-8FDC-42A3-9474-1A3956D46DE8}") = "Common", "Common", "{30D1B25A-632D-4BDF-B01A-2B1D80D38E0D}"
	ProjectSection(SolutionItems) = preProject
		Common\AssemblyInfo.cs = Common\AssemblyInfo.cs
		Common\LibraryProject.proj = Common\LibraryProject.proj
		Common\LibraryTestProject.proj = Common\LibraryTestProject.proj
	EndProjectSection
EndProject
Project("{9A19103F-16F7-4668-BE54-9A1E7A4F7556}") = "Epiforge.Extensions.Collections", "Epiforge.Extensions.Collections\Epiforge.Extensions.Collections.csproj", "{5FB25E05-C2AD-48FF-A03D-B32DD642C3F5}"
EndProject
Project("{9A19103F-16F7-4668-BE54-9A1E7A4F7556}") = "Epiforge.Extensions.Collections.Tests", "Epiforge.Extensions.Collections.Tests\Epiforge.Extensions.Collections.Tests.csproj", "{694D1E69-4842-469F-AC60-7220A771B70E}"
EndProject
Project("{9A19103F-16F7-4668-BE54-9A1E7A4F7556}") = "Epiforge.Extensions.Expressions", "Epiforge.Extensions.Expressions\Epiforge.Extensions.Expressions.csproj", "{CC0A8D40-7B06-49D0-84DE-44E921076576}"
EndProject
Project("{9A19103F-16F7-4668-BE54-9A1E7A4F7556}") = "Epiforge.Extensions.Expressions.Tests", "Epiforge.Extensions.Expressions.Tests\Epiforge.Extensions.Expressions.Tests.csproj", "{2F9337A3-60A9-4003-92DD-032FE37AE1A1}"
EndProject
Project("{9A19103F-16F7-4668-BE54-9A1E7A4F7556}") = "Epiforge.Extensions.Tests", "Epiforge.Extensions.Tests\Epiforge.Extensions.Tests.csproj", "{9D45F8CA-6B73-48CC-AF34-2193C7A70866}"
EndProject
Project("{FAE04EC0-301F-11D3-BF4B-00C04F79EFBC}") = "Epiforge.Extensions.Platforms.Windows", "Epiforge.Extensions.Platforms.Windows\Epiforge.Extensions.Platforms.Windows.csproj", "{C1D1F6C8-596C-41D7-9198-6143A456FA2B}"
EndProject
Project("{FAE04EC0-301F-11D3-BF4B-00C04F79EFBC}") = "Epiforge.Extensions.Frameworks.WPF", "Epiforge.Extensions.Frameworks.WPF\Epiforge.Extensions.Frameworks.WPF.csproj", "{BB9701EA-2362-4817-A03B-199C8A5C26F0}"
EndProject
Global
	GlobalSection(SolutionConfigurationPlatforms) = preSolution
		Debug|Any CPU = Debug|Any CPU
		Release|Any CPU = Release|Any CPU
	EndGlobalSection
	GlobalSection(ProjectConfigurationPlatforms) = postSolution
		{5214AC70-BD51-47C3-8409-39EE98C789EB}.Debug|Any CPU.ActiveCfg = Debug|Any CPU
		{5214AC70-BD51-47C3-8409-39EE98C789EB}.Debug|Any CPU.Build.0 = Debug|Any CPU
		{5214AC70-BD51-47C3-8409-39EE98C789EB}.Release|Any CPU.ActiveCfg = Release|Any CPU
		{5214AC70-BD51-47C3-8409-39EE98C789EB}.Release|Any CPU.Build.0 = Release|Any CPU
		{D3770F22-0BC6-40D9-ADD4-21F96E0BF30A}.Debug|Any CPU.ActiveCfg = Debug|Any CPU
		{D3770F22-0BC6-40D9-ADD4-21F96E0BF30A}.Debug|Any CPU.Build.0 = Debug|Any CPU
		{D3770F22-0BC6-40D9-ADD4-21F96E0BF30A}.Release|Any CPU.ActiveCfg = Release|Any CPU
		{D3770F22-0BC6-40D9-ADD4-21F96E0BF30A}.Release|Any CPU.Build.0 = Release|Any CPU
		{5FB25E05-C2AD-48FF-A03D-B32DD642C3F5}.Debug|Any CPU.ActiveCfg = Debug|Any CPU
		{5FB25E05-C2AD-48FF-A03D-B32DD642C3F5}.Debug|Any CPU.Build.0 = Debug|Any CPU
		{5FB25E05-C2AD-48FF-A03D-B32DD642C3F5}.Release|Any CPU.ActiveCfg = Release|Any CPU
		{5FB25E05-C2AD-48FF-A03D-B32DD642C3F5}.Release|Any CPU.Build.0 = Release|Any CPU
		{694D1E69-4842-469F-AC60-7220A771B70E}.Debug|Any CPU.ActiveCfg = Debug|Any CPU
		{694D1E69-4842-469F-AC60-7220A771B70E}.Debug|Any CPU.Build.0 = Debug|Any CPU
		{694D1E69-4842-469F-AC60-7220A771B70E}.Release|Any CPU.ActiveCfg = Release|Any CPU
		{694D1E69-4842-469F-AC60-7220A771B70E}.Release|Any CPU.Build.0 = Release|Any CPU
		{CC0A8D40-7B06-49D0-84DE-44E921076576}.Debug|Any CPU.ActiveCfg = Debug|Any CPU
		{CC0A8D40-7B06-49D0-84DE-44E921076576}.Debug|Any CPU.Build.0 = Debug|Any CPU
		{CC0A8D40-7B06-49D0-84DE-44E921076576}.Release|Any CPU.ActiveCfg = Release|Any CPU
		{CC0A8D40-7B06-49D0-84DE-44E921076576}.Release|Any CPU.Build.0 = Release|Any CPU
		{2F9337A3-60A9-4003-92DD-032FE37AE1A1}.Debug|Any CPU.ActiveCfg = Debug|Any CPU
		{2F9337A3-60A9-4003-92DD-032FE37AE1A1}.Debug|Any CPU.Build.0 = Debug|Any CPU
		{2F9337A3-60A9-4003-92DD-032FE37AE1A1}.Release|Any CPU.ActiveCfg = Release|Any CPU
		{2F9337A3-60A9-4003-92DD-032FE37AE1A1}.Release|Any CPU.Build.0 = Release|Any CPU
		{9D45F8CA-6B73-48CC-AF34-2193C7A70866}.Debug|Any CPU.ActiveCfg = Debug|Any CPU
		{9D45F8CA-6B73-48CC-AF34-2193C7A70866}.Debug|Any CPU.Build.0 = Debug|Any CPU
		{9D45F8CA-6B73-48CC-AF34-2193C7A70866}.Release|Any CPU.ActiveCfg = Release|Any CPU
		{9D45F8CA-6B73-48CC-AF34-2193C7A70866}.Release|Any CPU.Build.0 = Release|Any CPU
		{C1D1F6C8-596C-41D7-9198-6143A456FA2B}.Debug|Any CPU.ActiveCfg = Debug|Any CPU
		{C1D1F6C8-596C-41D7-9198-6143A456FA2B}.Debug|Any CPU.Build.0 = Debug|Any CPU
		{C1D1F6C8-596C-41D7-9198-6143A456FA2B}.Release|Any CPU.ActiveCfg = Release|Any CPU
		{C1D1F6C8-596C-41D7-9198-6143A456FA2B}.Release|Any CPU.Build.0 = Release|Any CPU
		{BB9701EA-2362-4817-A03B-199C8A5C26F0}.Debug|Any CPU.ActiveCfg = Debug|Any CPU
		{BB9701EA-2362-4817-A03B-199C8A5C26F0}.Debug|Any CPU.Build.0 = Debug|Any CPU
		{BB9701EA-2362-4817-A03B-199C8A5C26F0}.Release|Any CPU.ActiveCfg = Release|Any CPU
		{BB9701EA-2362-4817-A03B-199C8A5C26F0}.Release|Any CPU.Build.0 = Release|Any CPU
	EndGlobalSection
	GlobalSection(SolutionProperties) = preSolution
		HideSolutionNode = FALSE
	EndGlobalSection
	GlobalSection(ExtensibilityGlobals) = postSolution
		SolutionGuid = {B8CCEE6B-2419-421B-9962-0230B950B5FC}
	EndGlobalSection
EndGlobal
